
Microsoft Visual Studio Solution File, Format Version 12.00
# Visual Studio Version 17
VisualStudioVersion = 17.11.35312.102
MinimumVisualStudioVersion = 10.0.40219.1
Project("{8BC9CEB8-8B4A-11D0-8D11-00A0C91BC942}") = "4.31", "4.31\4.31.vcxproj", "{B2975C8A-98EB-433C-A156-7A0D1515C5F1}"
EndProject
Global
	GlobalSection(SolutionConfigurationPlatforms) = preSolution
		Debug|x64 = Debug|x64
		Debug|x86 = Debug|x86
		Release|x64 = Release|x64
		Release|x86 = Release|x86
	EndGlobalSection
	GlobalSection(ProjectConfigurationPlatforms) = postSolution
		{B2975C8A-98EB-433C-A156-7A0D1515C5F1}.Debug|x64.ActiveCfg = Debug|x64
		{B2975C8A-98EB-433C-A156-7A0D1515C5F1}.Debug|x64.Build.0 = Debug|x64
		{B2975C8A-98EB-433C-A156-7A0D1515C5F1}.Debug|x86.ActiveCfg = Debug|Win32
		{B2975C8A-98EB-433C-A156-7A0D1515C5F1}.Debug|x86.Build.0 = Debug|Win32
		{B2975C8A-98EB-433C-A156-7A0D1515C5F1}.Release|x64.ActiveCfg = Release|x64
		{B2975C8A-98EB-433C-A156-7A0D1515C5F1}.Release|x64.Build.0 = Release|x64
		{B2975C8A-98EB-433C-A156-7A0D1515C5F1}.Release|x86.ActiveCfg = Release|Win32
		{B2975C8A-98EB-433C-A156-7A0D1515C5F1}.Release|x86.Build.0 = Release|Win32
	EndGlobalSection
	GlobalSection(SolutionProperties) = preSolution
		HideSolutionNode = FALSE
	EndGlobalSection
	GlobalSection(ExtensibilityGlobals) = postSolution
		SolutionGuid = {1519D374-103E-4BBC-9B30-16CF83FDD137}
	EndGlobalSection
EndGlobal
